// !$*UTF8*$!
{
	archiveVersion = 1;
	classes = {
	};
	objectVersion = 48;
	objects = {

/* Begin PBXBuildFile section */
		038079751CDFC73300C10916 /* AppDelegate.swift in Sources */ = {isa = PBXBuildFile; fileRef = 038079741CDFC73300C10916 /* AppDelegate.swift */; };
		038079771CDFC73300C10916 /* ViewController.swift in Sources */ = {isa = PBXBuildFile; fileRef = 038079761CDFC73300C10916 /* ViewController.swift */; };
		038079791CDFC73300C10916 /* Assets.xcassets in Resources */ = {isa = PBXBuildFile; fileRef = 038079781CDFC73300C10916 /* Assets.xcassets */; };
		0380797C1CDFC73300C10916 /* Main.storyboard in Resources */ = {isa = PBXBuildFile; fileRef = 0380797A1CDFC73300C10916 /* Main.storyboard */; };
		03D3E49E1E68BCA700B548C7 /* Localizable.strings in Resources */ = {isa = PBXBuildFile; fileRef = 03D3E49C1E68BCA700B548C7 /* Localizable.strings */; };
		03DE82BE1E6AAA6000CC017F /* UserSettings.plist in Resources */ = {isa = PBXBuildFile; fileRef = 03DE82BD1E6AAA6000CC017F /* UserSettings.plist */; };
		03DE82C21E6AAE0100CC017F /* Preferences.swift in Sources */ = {isa = PBXBuildFile; fileRef = 03DE82C11E6AAE0100CC017F /* Preferences.swift */; };
		03DE82C31E6ABC5400CC017F /* Preferences.xib in Resources */ = {isa = PBXBuildFile; fileRef = 03DE82C51E6ABC5400CC017F /* Preferences.xib */; };
/* End PBXBuildFile section */

/* Begin PBXFileReference section */
		038079711CDFC73300C10916 /* Aegisub for OS X.app */ = {isa = PBXFileReference; explicitFileType = wrapper.application; includeInIndex = 0; path = "Aegisub for OS X.app"; sourceTree = BUILT_PRODUCTS_DIR; };
		038079741CDFC73300C10916 /* AppDelegate.swift */ = {isa = PBXFileReference; lastKnownFileType = sourcecode.swift; path = AppDelegate.swift; sourceTree = "<group>"; };
		038079761CDFC73300C10916 /* ViewController.swift */ = {isa = PBXFileReference; lastKnownFileType = sourcecode.swift; path = ViewController.swift; sourceTree = "<group>"; };
		038079781CDFC73300C10916 /* Assets.xcassets */ = {isa = PBXFileReference; lastKnownFileType = folder.assetcatalog; path = Assets.xcassets; sourceTree = "<group>"; };
		0380797B1CDFC73300C10916 /* Base */ = {isa = PBXFileReference; lastKnownFileType = file.storyboard; name = Base; path = Base.lproj/Main.storyboard; sourceTree = "<group>"; };
		0380797D1CDFC73300C10916 /* Info.plist */ = {isa = PBXFileReference; fileEncoding = 4; lastKnownFileType = text.plist.xml; path = Info.plist; sourceTree = "<group>"; };
		038BEFF01E68B49300260647 /* ja */ = {isa = PBXFileReference; lastKnownFileType = text.plist.strings; name = ja; path = ja.lproj/Main.strings; sourceTree = "<group>"; };
		03B526C71E6A10A20020D801 /* en */ = {isa = PBXFileReference; lastKnownFileType = text.plist.strings; name = en; path = en.lproj/Main.strings; sourceTree = "<group>"; };
		03B526C81E6A10A50020D801 /* de */ = {isa = PBXFileReference; lastKnownFileType = text.plist.strings; name = de; path = de.lproj/Main.strings; sourceTree = "<group>"; };
		03B526C91E6A10B40020D801 /* en */ = {isa = PBXFileReference; lastKnownFileType = text.plist.strings; name = en; path = en.lproj/Localizable.strings; sourceTree = "<group>"; };
		03D3E49D1E68BCA700B548C7 /* ja */ = {isa = PBXFileReference; lastKnownFileType = text.plist.strings; name = ja; path = ja.lproj/Localizable.strings; sourceTree = "<group>"; };
		03DE82BD1E6AAA6000CC017F /* UserSettings.plist */ = {isa = PBXFileReference; fileEncoding = 4; lastKnownFileType = text.plist.xml; path = UserSettings.plist; sourceTree = "<group>"; };
		03DE82C11E6AAE0100CC017F /* Preferences.swift */ = {isa = PBXFileReference; fileEncoding = 4; lastKnownFileType = sourcecode.swift; path = Preferences.swift; sourceTree = "<group>"; };
		03DE82C41E6ABC5400CC017F /* Base */ = {isa = PBXFileReference; lastKnownFileType = file.xib; name = Base; path = Base.lproj/Preferences.xib; sourceTree = "<group>"; };
		03DE82C71E6ABC5700CC017F /* en */ = {isa = PBXFileReference; lastKnownFileType = text.plist.strings; name = en; path = en.lproj/Preferences.strings; sourceTree = "<group>"; };
		03DE82C91E6ABC5800CC017F /* ja */ = {isa = PBXFileReference; lastKnownFileType = text.plist.strings; name = ja; path = ja.lproj/Preferences.strings; sourceTree = "<group>"; };
		03DE82CB1E6ABC5900CC017F /* de */ = {isa = PBXFileReference; lastKnownFileType = text.plist.strings; name = de; path = de.lproj/Preferences.strings; sourceTree = "<group>"; };
		03FC72AC1E6A1012006DBC01 /* de */ = {isa = PBXFileReference; lastKnownFileType = text.plist.strings; name = de; path = de.lproj/Localizable.strings; sourceTree = "<group>"; };
/* End PBXFileReference section */

/* Begin PBXFrameworksBuildPhase section */
		0380796E1CDFC73300C10916 /* Frameworks */ = {
			isa = PBXFrameworksBuildPhase;
			buildActionMask = 2147483647;
			files = (
			);
			runOnlyForDeploymentPostprocessing = 0;
		};
/* End PBXFrameworksBuildPhase section */

/* Begin PBXGroup section */
		038079681CDFC73300C10916 = {
			isa = PBXGroup;
			children = (
				038079731CDFC73300C10916 /* Aegisub for OS X */,
				038079721CDFC73300C10916 /* Products */,
			);
			sourceTree = "<group>";
		};
		038079721CDFC73300C10916 /* Products */ = {
			isa = PBXGroup;
			children = (
				038079711CDFC73300C10916 /* Aegisub for OS X.app */,
			);
			name = Products;
			sourceTree = "<group>";
		};
		038079731CDFC73300C10916 /* Aegisub for OS X */ = {
			isa = PBXGroup;
			children = (
				038079741CDFC73300C10916 /* AppDelegate.swift */,
				038079761CDFC73300C10916 /* ViewController.swift */,
				03D3E49C1E68BCA700B548C7 /* Localizable.strings */,
				038079781CDFC73300C10916 /* Assets.xcassets */,
				03DE82BD1E6AAA6000CC017F /* UserSettings.plist */,
				0380797A1CDFC73300C10916 /* Main.storyboard */,
				03DE82C51E6ABC5400CC017F /* Preferences.xib */,
				03DE82C11E6AAE0100CC017F /* Preferences.swift */,
				0380797D1CDFC73300C10916 /* Info.plist */,
			);
			path = "Aegisub for OS X";
			sourceTree = "<group>";
		};
/* End PBXGroup section */

/* Begin PBXNativeTarget section */
		038079701CDFC73300C10916 /* Aegisub for OS X */ = {
			isa = PBXNativeTarget;
			buildConfigurationList = 038079801CDFC73300C10916 /* Build configuration list for PBXNativeTarget "Aegisub for OS X" */;
			buildPhases = (
				0380796D1CDFC73300C10916 /* Sources */,
				0380796E1CDFC73300C10916 /* Frameworks */,
				0380796F1CDFC73300C10916 /* Resources */,
			);
			buildRules = (
			);
			dependencies = (
			);
			name = "Aegisub for OS X";
			productName = "Aegisub for OS X";
			productReference = 038079711CDFC73300C10916 /* Aegisub for OS X.app */;
			productType = "com.apple.product-type.application";
		};
/* End PBXNativeTarget section */

/* Begin PBXProject section */
		038079691CDFC73300C10916 /* Project object */ = {
			isa = PBXProject;
			attributes = {
				LastSwiftUpdateCheck = 0730;
				LastUpgradeCheck = 0820;
				ORGANIZATIONNAME = "Nico Linnemann";
				TargetAttributes = {
					038079701CDFC73300C10916 = {
						CreatedOnToolsVersion = 7.3;
						LastSwiftMigration = 0820;
					};
				};
			};
			buildConfigurationList = 0380796C1CDFC73300C10916 /* Build configuration list for PBXProject "Aegisub for OS X" */;
			compatibilityVersion = "Xcode 8.0";
			developmentRegion = English;
			hasScannedForEncodings = 0;
			knownRegions = (
				en,
				Base,
				ja,
				de,
			);
			mainGroup = 038079681CDFC73300C10916;
			productRefGroup = 038079721CDFC73300C10916 /* Products */;
			projectDirPath = "";
			projectRoot = "";
			targets = (
				038079701CDFC73300C10916 /* Aegisub for OS X */,
			);
		};
/* End PBXProject section */

/* Begin PBXResourcesBuildPhase section */
		0380796F1CDFC73300C10916 /* Resources */ = {
			isa = PBXResourcesBuildPhase;
			buildActionMask = 2147483647;
			files = (
				03DE82BE1E6AAA6000CC017F /* UserSettings.plist in Resources */,
				038079791CDFC73300C10916 /* Assets.xcassets in Resources */,
				03D3E49E1E68BCA700B548C7 /* Localizable.strings in Resources */,
				0380797C1CDFC73300C10916 /* Main.storyboard in Resources */,
				03DE82C31E6ABC5400CC017F /* Preferences.xib in Resources */,
			);
			runOnlyForDeploymentPostprocessing = 0;
		};
/* End PBXResourcesBuildPhase section */

/* Begin PBXSourcesBuildPhase section */
		0380796D1CDFC73300C10916 /* Sources */ = {
			isa = PBXSourcesBuildPhase;
			buildActionMask = 2147483647;
			files = (
				038079771CDFC73300C10916 /* ViewController.swift in Sources */,
				038079751CDFC73300C10916 /* AppDelegate.swift in Sources */,
				03DE82C21E6AAE0100CC017F /* Preferences.swift in Sources */,
			);
			runOnlyForDeploymentPostprocessing = 0;
		};
/* End PBXSourcesBuildPhase section */

/* Begin PBXVariantGroup section */
		0380797A1CDFC73300C10916 /* Main.storyboard */ = {
			isa = PBXVariantGroup;
			children = (
				0380797B1CDFC73300C10916 /* Base */,
				038BEFF01E68B49300260647 /* ja */,
				03B526C71E6A10A20020D801 /* en */,
				03B526C81E6A10A50020D801 /* de */,
			);
			name = Main.storyboard;
			sourceTree = "<group>";
		};
		03D3E49C1E68BCA700B548C7 /* Localizable.strings */ = {
			isa = PBXVariantGroup;
			children = (
				03D3E49D1E68BCA700B548C7 /* ja */,
				03FC72AC1E6A1012006DBC01 /* de */,
				03B526C91E6A10B40020D801 /* en */,
			);
			name = Localizable.strings;
			sourceTree = "<group>";
		};
		03DE82C51E6ABC5400CC017F /* Preferences.xib */ = {
			isa = PBXVariantGroup;
			children = (
				03DE82C41E6ABC5400CC017F /* Base */,
				03DE82C71E6ABC5700CC017F /* en */,
				03DE82C91E6ABC5800CC017F /* ja */,
				03DE82CB1E6ABC5900CC017F /* de */,
			);
			name = Preferences.xib;
			sourceTree = "<group>";
		};
/* End PBXVariantGroup section */

/* Begin XCBuildConfiguration section */
		0380797E1CDFC73300C10916 /* Debug */ = {
			isa = XCBuildConfiguration;
			buildSettings = {
				ALWAYS_SEARCH_USER_PATHS = NO;
				CLANG_ANALYZER_LOCALIZABILITY_NONLOCALIZED = YES;
				CLANG_ANALYZER_NONNULL = YES;
				CLANG_CXX_LANGUAGE_STANDARD = "gnu++0x";
				CLANG_CXX_LIBRARY = "libc++";
				CLANG_ENABLE_MODULES = YES;
				CLANG_ENABLE_OBJC_ARC = YES;
				CLANG_WARN_BOOL_CONVERSION = YES;
				CLANG_WARN_CONSTANT_CONVERSION = YES;
				CLANG_WARN_DIRECT_OBJC_ISA_USAGE = YES_ERROR;
				CLANG_WARN_EMPTY_BODY = YES;
				CLANG_WARN_ENUM_CONVERSION = YES;
				CLANG_WARN_INFINITE_RECURSION = YES;
				CLANG_WARN_INT_CONVERSION = YES;
				CLANG_WARN_OBJC_ROOT_CLASS = YES_ERROR;
				CLANG_WARN_SUSPICIOUS_MOVE = YES;
				CLANG_WARN_UNREACHABLE_CODE = YES;
				CLANG_WARN__DUPLICATE_METHOD_MATCH = YES;
				CODE_SIGN_IDENTITY = "-";
				COPY_PHASE_STRIP = NO;
				DEBUG_INFORMATION_FORMAT = dwarf;
				ENABLE_STRICT_OBJC_MSGSEND = YES;
				ENABLE_TESTABILITY = YES;
				GCC_C_LANGUAGE_STANDARD = gnu99;
				GCC_DYNAMIC_NO_PIC = NO;
				GCC_NO_COMMON_BLOCKS = YES;
				GCC_OPTIMIZATION_LEVEL = 0;
				GCC_PREPROCESSOR_DEFINITIONS = (
					"DEBUG=1",
					"$(inherited)",
				);
				GCC_WARN_64_TO_32_BIT_CONVERSION = YES;
				GCC_WARN_ABOUT_RETURN_TYPE = YES_ERROR;
				GCC_WARN_UNDECLARED_SELECTOR = YES;
				GCC_WARN_UNINITIALIZED_AUTOS = YES_AGGRESSIVE;
				GCC_WARN_UNUSED_FUNCTION = YES;
				GCC_WARN_UNUSED_VARIABLE = YES;
				MACOSX_DEPLOYMENT_TARGET = 10.12;
				MTL_ENABLE_DEBUG_INFO = YES;
				ONLY_ACTIVE_ARCH = YES;
				SDKROOT = macosx;
				SWIFT_OPTIMIZATION_LEVEL = "-Onone";
			};
			name = Debug;
		};
		0380797F1CDFC73300C10916 /* Release */ = {
			isa = XCBuildConfiguration;
			buildSettings = {
				ALWAYS_SEARCH_USER_PATHS = NO;
				CLANG_ANALYZER_LOCALIZABILITY_NONLOCALIZED = YES;
				CLANG_ANALYZER_NONNULL = YES;
				CLANG_CXX_LANGUAGE_STANDARD = "gnu++0x";
				CLANG_CXX_LIBRARY = "libc++";
				CLANG_ENABLE_MODULES = YES;
				CLANG_ENABLE_OBJC_ARC = YES;
				CLANG_WARN_BOOL_CONVERSION = YES;
				CLANG_WARN_CONSTANT_CONVERSION = YES;
				CLANG_WARN_DIRECT_OBJC_ISA_USAGE = YES_ERROR;
				CLANG_WARN_EMPTY_BODY = YES;
				CLANG_WARN_ENUM_CONVERSION = YES;
				CLANG_WARN_INFINITE_RECURSION = YES;
				CLANG_WARN_INT_CONVERSION = YES;
				CLANG_WARN_OBJC_ROOT_CLASS = YES_ERROR;
				CLANG_WARN_SUSPICIOUS_MOVE = YES;
				CLANG_WARN_UNREACHABLE_CODE = YES;
				CLANG_WARN__DUPLICATE_METHOD_MATCH = YES;
				CODE_SIGN_IDENTITY = "-";
				COPY_PHASE_STRIP = NO;
				DEBUG_INFORMATION_FORMAT = "dwarf-with-dsym";
				ENABLE_NS_ASSERTIONS = NO;
				ENABLE_STRICT_OBJC_MSGSEND = YES;
				GCC_C_LANGUAGE_STANDARD = gnu99;
				GCC_NO_COMMON_BLOCKS = YES;
				GCC_WARN_64_TO_32_BIT_CONVERSION = YES;
				GCC_WARN_ABOUT_RETURN_TYPE = YES_ERROR;
				GCC_WARN_UNDECLARED_SELECTOR = YES;
				GCC_WARN_UNINITIALIZED_AUTOS = YES_AGGRESSIVE;
				GCC_WARN_UNUSED_FUNCTION = YES;
				GCC_WARN_UNUSED_VARIABLE = YES;
				MACOSX_DEPLOYMENT_TARGET = 10.12;
				MTL_ENABLE_DEBUG_INFO = NO;
				SDKROOT = macosx;
				SWIFT_OPTIMIZATION_LEVEL = "-Owholemodule";
			};
			name = Release;
		};
		038079811CDFC73300C10916 /* Debug */ = {
			isa = XCBuildConfiguration;
			buildSettings = {
				ASSETCATALOG_COMPILER_APPICON_NAME = AppIcon;
				CLANG_ENABLE_MODULES = YES;
				COMBINE_HIDPI_IMAGES = YES;
				INFOPLIST_FILE = "Aegisub for OS X/Info.plist";
				LD_RUNPATH_SEARCH_PATHS = "$(inherited) @executable_path/../Frameworks";
				PRODUCT_BUNDLE_IDENTIFIER = "NL.Aegisub-for-OS-X";
				PRODUCT_NAME = "$(TARGET_NAME)";
				SWIFT_OPTIMIZATION_LEVEL = "-Onone";
				SWIFT_VERSION = 3.0;
			};
			name = Debug;
		};
		038079821CDFC73300C10916 /* Release */ = {
			isa = XCBuildConfiguration;
			buildSettings = {
				ASSETCATALOG_COMPILER_APPICON_NAME = AppIcon;
				CLANG_ENABLE_MODULES = YES;
				COMBINE_HIDPI_IMAGES = YES;
				INFOPLIST_FILE = "Aegisub for OS X/Info.plist";
				LD_RUNPATH_SEARCH_PATHS = "$(inherited) @executable_path/../Frameworks";
				PRODUCT_BUNDLE_IDENTIFIER = "NL.Aegisub-for-OS-X";
				PRODUCT_NAME = "$(TARGET_NAME)";
				SWIFT_VERSION = 3.0;
			};
			name = Release;
		};
/* End XCBuildConfiguration section */

/* Begin XCConfigurationList section */
		0380796C1CDFC73300C10916 /* Build configuration list for PBXProject "Aegisub for OS X" */ = {
			isa = XCConfigurationList;
			buildConfigurations = (
				0380797E1CDFC73300C10916 /* Debug */,
				0380797F1CDFC73300C10916 /* Release */,
			);
			defaultConfigurationIsVisible = 0;
			defaultConfigurationName = Release;
		};
		038079801CDFC73300C10916 /* Build configuration list for PBXNativeTarget "Aegisub for OS X" */ = {
			isa = XCConfigurationList;
			buildConfigurations = (
				038079811CDFC73300C10916 /* Debug */,
				038079821CDFC73300C10916 /* Release */,
			);
			defaultConfigurationIsVisible = 0;
			defaultConfigurationName = Release;
		};
/* End XCConfigurationList section */
	};
	rootObject = 038079691CDFC73300C10916 /* Project object */;
}
